// !$*UTF8*$!
{
	archiveVersion = 1;
	classes = {
	};
	objectVersion = 48;
	objects = {

/* Begin PBXBuildFile section */
		075F56B65061F837D878104C /* Pods_AsecFinalTests.framework in Frameworks */ = {isa = PBXBuildFile; fileRef = DDBC21B1474246960C9C3702 /* Pods_AsecFinalTests.framework */; };
		23E0F1DF00D27D6C7DEA316C /* Pods_AsecFinalUITests.framework in Frameworks */ = {isa = PBXBuildFile; fileRef = 1D83D8B099D6AF3A46D37544 /* Pods_AsecFinalUITests.framework */; };
		30E47C5CE97FBFC14D27E2EC /* Pods_AsecFinal.framework in Frameworks */ = {isa = PBXBuildFile; fileRef = B19ECE8F372ED2098D503C74 /* Pods_AsecFinal.framework */; };
		46F159872034A21C0018DCD9 /* Images.xcassets in Resources */ = {isa = PBXBuildFile; fileRef = 46F159862034A21C0018DCD9 /* Images.xcassets */; };
		46F923731FB9EB6000F4F618 /* AppDelegate.swift in Sources */ = {isa = PBXBuildFile; fileRef = 46F923721FB9EB6000F4F618 /* AppDelegate.swift */; };
		46F923751FB9EB6000F4F618 /* ViewController.swift in Sources */ = {isa = PBXBuildFile; fileRef = 46F923741FB9EB6000F4F618 /* ViewController.swift */; };
		46F923781FB9EB6000F4F618 /* Main.storyboard in Resources */ = {isa = PBXBuildFile; fileRef = 46F923761FB9EB6000F4F618 /* Main.storyboard */; };
		46F9237D1FB9EB6000F4F618 /* LaunchScreen.storyboard in Resources */ = {isa = PBXBuildFile; fileRef = 46F9237B1FB9EB6000F4F618 /* LaunchScreen.storyboard */; };
		46F923881FB9EB6000F4F618 /* AsecFinalTests.swift in Sources */ = {isa = PBXBuildFile; fileRef = 46F923871FB9EB6000F4F618 /* AsecFinalTests.swift */; };
		46F923931FB9EB6000F4F618 /* AsecFinalUITests.swift in Sources */ = {isa = PBXBuildFile; fileRef = 46F923921FB9EB6000F4F618 /* AsecFinalUITests.swift */; };
		C03AE6C0208D55E000656248 /* EmersonsViewController.swift in Sources */ = {isa = PBXBuildFile; fileRef = C03AE6BF208D55E000656248 /* EmersonsViewController.swift */; };
		C0D0CD3D208D1BC100AC3036 /* Cabin-Regular.ttf in Resources */ = {isa = PBXBuildFile; fileRef = C0D0CD3C208D1BC000AC3036 /* Cabin-Regular.ttf */; };
		C0D0CD3F208D1C2500AC3036 /* Cabin in Resources */ = {isa = PBXBuildFile; fileRef = C0D0CD3E208D1C2400AC3036 /* Cabin */; };
		C0D0CD41208D3DEA00AC3036 /* HomeViewController.swift in Sources */ = {isa = PBXBuildFile; fileRef = C0D0CD40208D3DEA00AC3036 /* HomeViewController.swift */; };
		C0FDE62B208D67E500ACAE75 /* SettingsViewController.swift in Sources */ = {isa = PBXBuildFile; fileRef = C0FDE62A208D67E400ACAE75 /* SettingsViewController.swift */; };
/* End PBXBuildFile section */

/* Begin PBXContainerItemProxy section */
		46F923841FB9EB6000F4F618 /* PBXContainerItemProxy */ = {
			isa = PBXContainerItemProxy;
			containerPortal = 46F923671FB9EB6000F4F618 /* Project object */;
			proxyType = 1;
			remoteGlobalIDString = 46F9236E1FB9EB6000F4F618;
			remoteInfo = AsecFinal;
		};
		46F9238F1FB9EB6000F4F618 /* PBXContainerItemProxy */ = {
			isa = PBXContainerItemProxy;
			containerPortal = 46F923671FB9EB6000F4F618 /* Project object */;
			proxyType = 1;
			remoteGlobalIDString = 46F9236E1FB9EB6000F4F618;
			remoteInfo = AsecFinal;
		};
/* End PBXContainerItemProxy section */

/* Begin PBXFileReference section */
		0BF978DAAE59B5B8E8DDB6CE /* Pods-AsecFinalTests.debug.xcconfig */ = {isa = PBXFileReference; includeInIndex = 1; lastKnownFileType = text.xcconfig; name = "Pods-AsecFinalTests.debug.xcconfig"; path = "Pods/Target Support Files/Pods-AsecFinalTests/Pods-AsecFinalTests.debug.xcconfig"; sourceTree = "<group>"; };
		104F5CD40944691943CB2193 /* Pods-AsecFinal.release.xcconfig */ = {isa = PBXFileReference; includeInIndex = 1; lastKnownFileType = text.xcconfig; name = "Pods-AsecFinal.release.xcconfig"; path = "Pods/Target Support Files/Pods-AsecFinal/Pods-AsecFinal.release.xcconfig"; sourceTree = "<group>"; };
		1D83D8B099D6AF3A46D37544 /* Pods_AsecFinalUITests.framework */ = {isa = PBXFileReference; explicitFileType = wrapper.framework; includeInIndex = 0; path = Pods_AsecFinalUITests.framework; sourceTree = BUILT_PRODUCTS_DIR; };
		284F9FED6B4F66E7D4A3C1D8 /* Pods-AsecFinalTests.release.xcconfig */ = {isa = PBXFileReference; includeInIndex = 1; lastKnownFileType = text.xcconfig; name = "Pods-AsecFinalTests.release.xcconfig"; path = "Pods/Target Support Files/Pods-AsecFinalTests/Pods-AsecFinalTests.release.xcconfig"; sourceTree = "<group>"; };
		46F159862034A21C0018DCD9 /* Images.xcassets */ = {isa = PBXFileReference; lastKnownFileType = folder.assetcatalog; name = Images.xcassets; path = AsecFinal/Images.xcassets; sourceTree = SOURCE_ROOT; };
		46F9236F1FB9EB6000F4F618 /* AsecFinal.app */ = {isa = PBXFileReference; explicitFileType = wrapper.application; includeInIndex = 0; path = AsecFinal.app; sourceTree = BUILT_PRODUCTS_DIR; };
		46F923721FB9EB6000F4F618 /* AppDelegate.swift */ = {isa = PBXFileReference; lastKnownFileType = sourcecode.swift; path = AppDelegate.swift; sourceTree = "<group>"; };
		46F923741FB9EB6000F4F618 /* ViewController.swift */ = {isa = PBXFileReference; lastKnownFileType = sourcecode.swift; path = ViewController.swift; sourceTree = "<group>"; };
		46F923771FB9EB6000F4F618 /* Base */ = {isa = PBXFileReference; lastKnownFileType = file.storyboard; name = Base; path = Base.lproj/Main.storyboard; sourceTree = "<group>"; };
		46F9237C1FB9EB6000F4F618 /* Base */ = {isa = PBXFileReference; lastKnownFileType = file.storyboard; name = Base; path = Base.lproj/LaunchScreen.storyboard; sourceTree = "<group>"; };
		46F9237E1FB9EB6000F4F618 /* Info.plist */ = {isa = PBXFileReference; lastKnownFileType = text.plist.xml; path = Info.plist; sourceTree = "<group>"; };
		46F923831FB9EB6000F4F618 /* AsecFinalTests.xctest */ = {isa = PBXFileReference; explicitFileType = wrapper.cfbundle; includeInIndex = 0; path = AsecFinalTests.xctest; sourceTree = BUILT_PRODUCTS_DIR; };
		46F923871FB9EB6000F4F618 /* AsecFinalTests.swift */ = {isa = PBXFileReference; lastKnownFileType = sourcecode.swift; path = AsecFinalTests.swift; sourceTree = "<group>"; };
		46F923891FB9EB6000F4F618 /* Info.plist */ = {isa = PBXFileReference; lastKnownFileType = text.plist.xml; path = Info.plist; sourceTree = "<group>"; };
		46F9238E1FB9EB6000F4F618 /* AsecFinalUITests.xctest */ = {isa = PBXFileReference; explicitFileType = wrapper.cfbundle; includeInIndex = 0; path = AsecFinalUITests.xctest; sourceTree = BUILT_PRODUCTS_DIR; };
		46F923921FB9EB6000F4F618 /* AsecFinalUITests.swift */ = {isa = PBXFileReference; lastKnownFileType = sourcecode.swift; path = AsecFinalUITests.swift; sourceTree = "<group>"; };
		46F923941FB9EB6000F4F618 /* Info.plist */ = {isa = PBXFileReference; lastKnownFileType = text.plist.xml; path = Info.plist; sourceTree = "<group>"; };
		973F1D7DDA17371A580B436C /* Pods-AsecFinalUITests.release.xcconfig */ = {isa = PBXFileReference; includeInIndex = 1; lastKnownFileType = text.xcconfig; name = "Pods-AsecFinalUITests.release.xcconfig"; path = "Pods/Target Support Files/Pods-AsecFinalUITests/Pods-AsecFinalUITests.release.xcconfig"; sourceTree = "<group>"; };
		B19ECE8F372ED2098D503C74 /* Pods_AsecFinal.framework */ = {isa = PBXFileReference; explicitFileType = wrapper.framework; includeInIndex = 0; path = Pods_AsecFinal.framework; sourceTree = BUILT_PRODUCTS_DIR; };
		C03AE6BF208D55E000656248 /* EmersonsViewController.swift */ = {isa = PBXFileReference; lastKnownFileType = sourcecode.swift; path = EmersonsViewController.swift; sourceTree = "<group>"; };
		C0D0CD3C208D1BC000AC3036 /* Cabin-Regular.ttf */ = {isa = PBXFileReference; lastKnownFileType = file; name = "Cabin-Regular.ttf"; path = "../../../Downloads/Cabin/Cabin-Regular.ttf"; sourceTree = "<group>"; };
		C0D0CD3E208D1C2400AC3036 /* Cabin */ = {isa = PBXFileReference; lastKnownFileType = folder; name = Cabin; path = ../../../Downloads/Cabin; sourceTree = "<group>"; };
		C0D0CD40208D3DEA00AC3036 /* HomeViewController.swift */ = {isa = PBXFileReference; lastKnownFileType = sourcecode.swift; name = HomeViewController.swift; path = "AsecFinal/View Controllers/HomeViewController.swift"; sourceTree = SOURCE_ROOT; };
		C0FDE62A208D67E400ACAE75 /* SettingsViewController.swift */ = {isa = PBXFileReference; lastKnownFileType = sourcecode.swift; path = SettingsViewController.swift; sourceTree = "<group>"; };
		D4DF406CEB30343F616BF027 /* Pods-AsecFinalUITests.debug.xcconfig */ = {isa = PBXFileReference; includeInIndex = 1; lastKnownFileType = text.xcconfig; name = "Pods-AsecFinalUITests.debug.xcconfig"; path = "Pods/Target Support Files/Pods-AsecFinalUITests/Pods-AsecFinalUITests.debug.xcconfig"; sourceTree = "<group>"; };
		DA5A343A277AA416C07AF85B /* Pods-AsecFinal.debug.xcconfig */ = {isa = PBXFileReference; includeInIndex = 1; lastKnownFileType = text.xcconfig; name = "Pods-AsecFinal.debug.xcconfig"; path = "Pods/Target Support Files/Pods-AsecFinal/Pods-AsecFinal.debug.xcconfig"; sourceTree = "<group>"; };
		DDBC21B1474246960C9C3702 /* Pods_AsecFinalTests.framework */ = {isa = PBXFileReference; explicitFileType = wrapper.framework; includeInIndex = 0; path = Pods_AsecFinalTests.framework; sourceTree = BUILT_PRODUCTS_DIR; };
/* End PBXFileReference section */

/* Begin PBXFrameworksBuildPhase section */
		46F9236C1FB9EB6000F4F618 /* Frameworks */ = {
			isa = PBXFrameworksBuildPhase;
			buildActionMask = 2147483647;
			files = (
				30E47C5CE97FBFC14D27E2EC /* Pods_AsecFinal.framework in Frameworks */,
			);
			runOnlyForDeploymentPostprocessing = 0;
		};
		46F923801FB9EB6000F4F618 /* Frameworks */ = {
			isa = PBXFrameworksBuildPhase;
			buildActionMask = 2147483647;
			files = (
				075F56B65061F837D878104C /* Pods_AsecFinalTests.framework in Frameworks */,
			);
			runOnlyForDeploymentPostprocessing = 0;
		};
		46F9238B1FB9EB6000F4F618 /* Frameworks */ = {
			isa = PBXFrameworksBuildPhase;
			buildActionMask = 2147483647;
			files = (
				23E0F1DF00D27D6C7DEA316C /* Pods_AsecFinalUITests.framework in Frameworks */,
			);
			runOnlyForDeploymentPostprocessing = 0;
		};
/* End PBXFrameworksBuildPhase section */

/* Begin PBXGroup section */
		46F923661FB9EB6000F4F618 = {
			isa = PBXGroup;
			children = (
				46F923711FB9EB6000F4F618 /* AsecFinal */,
				46F923861FB9EB6000F4F618 /* AsecFinalTests */,
				46F923911FB9EB6000F4F618 /* AsecFinalUITests */,
				46F923701FB9EB6000F4F618 /* Products */,
				5CD84C0A264DFB44DC15287B /* Pods */,
				F87A85DBE4306A465C083E06 /* Frameworks */,
			);
			sourceTree = "<group>";
		};
		46F923701FB9EB6000F4F618 /* Products */ = {
			isa = PBXGroup;
			children = (
				46F9236F1FB9EB6000F4F618 /* AsecFinal.app */,
				46F923831FB9EB6000F4F618 /* AsecFinalTests.xctest */,
				46F9238E1FB9EB6000F4F618 /* AsecFinalUITests.xctest */,
			);
			name = Products;
			sourceTree = "<group>";
		};
		46F923711FB9EB6000F4F618 /* AsecFinal */ = {
			isa = PBXGroup;
			children = (
				C0D0CD42208D4A4500AC3036 /* View Controllers */,
				46F923721FB9EB6000F4F618 /* AppDelegate.swift */,
				46F923741FB9EB6000F4F618 /* ViewController.swift */,
				46F923761FB9EB6000F4F618 /* Main.storyboard */,
				C03AE6BF208D55E000656248 /* EmersonsViewController.swift */,
				46F9237B1FB9EB6000F4F618 /* LaunchScreen.storyboard */,
				46F159862034A21C0018DCD9 /* Images.xcassets */,
				C0D0CD3E208D1C2400AC3036 /* Cabin */,
				C0D0CD3C208D1BC000AC3036 /* Cabin-Regular.ttf */,
				46F9237E1FB9EB6000F4F618 /* Info.plist */,
				C0FDE62A208D67E400ACAE75 /* SettingsViewController.swift */,
			);
			path = AsecFinal;
			sourceTree = "<group>";
		};
		46F923861FB9EB6000F4F618 /* AsecFinalTests */ = {
			isa = PBXGroup;
			children = (
				46F923871FB9EB6000F4F618 /* AsecFinalTests.swift */,
				46F923891FB9EB6000F4F618 /* Info.plist */,
			);
			path = AsecFinalTests;
			sourceTree = "<group>";
		};
		46F923911FB9EB6000F4F618 /* AsecFinalUITests */ = {
			isa = PBXGroup;
			children = (
				46F923921FB9EB6000F4F618 /* AsecFinalUITests.swift */,
				46F923941FB9EB6000F4F618 /* Info.plist */,
			);
			path = AsecFinalUITests;
			sourceTree = "<group>";
		};
		5CD84C0A264DFB44DC15287B /* Pods */ = {
			isa = PBXGroup;
			children = (
				DA5A343A277AA416C07AF85B /* Pods-AsecFinal.debug.xcconfig */,
				104F5CD40944691943CB2193 /* Pods-AsecFinal.release.xcconfig */,
				0BF978DAAE59B5B8E8DDB6CE /* Pods-AsecFinalTests.debug.xcconfig */,
				284F9FED6B4F66E7D4A3C1D8 /* Pods-AsecFinalTests.release.xcconfig */,
				D4DF406CEB30343F616BF027 /* Pods-AsecFinalUITests.debug.xcconfig */,
				973F1D7DDA17371A580B436C /* Pods-AsecFinalUITests.release.xcconfig */,
			);
			name = Pods;
			sourceTree = "<group>";
		};
		C0D0CD42208D4A4500AC3036 /* View Controllers */ = {
			isa = PBXGroup;
			children = (
				C0D0CD40208D3DEA00AC3036 /* HomeViewController.swift */,
			);
			path = "View Controllers";
			sourceTree = "<group>";
		};
		F87A85DBE4306A465C083E06 /* Frameworks */ = {
			isa = PBXGroup;
			children = (
				B19ECE8F372ED2098D503C74 /* Pods_AsecFinal.framework */,
				DDBC21B1474246960C9C3702 /* Pods_AsecFinalTests.framework */,
				1D83D8B099D6AF3A46D37544 /* Pods_AsecFinalUITests.framework */,
			);
			name = Frameworks;
			sourceTree = "<group>";
		};
/* End PBXGroup section */

/* Begin PBXNativeTarget section */
		46F9236E1FB9EB6000F4F618 /* AsecFinal */ = {
			isa = PBXNativeTarget;
			buildConfigurationList = 46F923971FB9EB6000F4F618 /* Build configuration list for PBXNativeTarget "AsecFinal" */;
			buildPhases = (
				D542D3D76D374E5D9397BF0E /* [CP] Check Pods Manifest.lock */,
				46F9236B1FB9EB6000F4F618 /* Sources */,
				46F9236C1FB9EB6000F4F618 /* Frameworks */,
				46F9236D1FB9EB6000F4F618 /* Resources */,
				42EFDCCFFC8F2225CD764166 /* [CP] Embed Pods Frameworks */,
				78FEFCC799EE48D55958E4FF /* [CP] Copy Pods Resources */,
			);
			buildRules = (
			);
			dependencies = (
			);
			name = AsecFinal;
			productName = AsecFinal;
			productReference = 46F9236F1FB9EB6000F4F618 /* AsecFinal.app */;
			productType = "com.apple.product-type.application";
		};
		46F923821FB9EB6000F4F618 /* AsecFinalTests */ = {
			isa = PBXNativeTarget;
			buildConfigurationList = 46F9239A1FB9EB6000F4F618 /* Build configuration list for PBXNativeTarget "AsecFinalTests" */;
			buildPhases = (
				9CAE61EB8B8EF40D27D3EDF4 /* [CP] Check Pods Manifest.lock */,
				46F9237F1FB9EB6000F4F618 /* Sources */,
				46F923801FB9EB6000F4F618 /* Frameworks */,
				46F923811FB9EB6000F4F618 /* Resources */,
				D34070A17E4F253FE3CEDCB8 /* [CP] Embed Pods Frameworks */,
				614AC533D4EC6483B5A6B3C9 /* [CP] Copy Pods Resources */,
			);
			buildRules = (
			);
			dependencies = (
				46F923851FB9EB6000F4F618 /* PBXTargetDependency */,
			);
			name = AsecFinalTests;
			productName = AsecFinalTests;
			productReference = 46F923831FB9EB6000F4F618 /* AsecFinalTests.xctest */;
			productType = "com.apple.product-type.bundle.unit-test";
		};
		46F9238D1FB9EB6000F4F618 /* AsecFinalUITests */ = {
			isa = PBXNativeTarget;
			buildConfigurationList = 46F9239D1FB9EB6000F4F618 /* Build configuration list for PBXNativeTarget "AsecFinalUITests" */;
			buildPhases = (
				2E7E3BBB93E859D2F6DDC720 /* [CP] Check Pods Manifest.lock */,
				46F9238A1FB9EB6000F4F618 /* Sources */,
				46F9238B1FB9EB6000F4F618 /* Frameworks */,
				46F9238C1FB9EB6000F4F618 /* Resources */,
				08B927C4D1FBC56340408FF7 /* [CP] Embed Pods Frameworks */,
				E45B91E9C5AD3BFB2714F30E /* [CP] Copy Pods Resources */,
			);
			buildRules = (
			);
			dependencies = (
				46F923901FB9EB6000F4F618 /* PBXTargetDependency */,
			);
			name = AsecFinalUITests;
			productName = AsecFinalUITests;
			productReference = 46F9238E1FB9EB6000F4F618 /* AsecFinalUITests.xctest */;
			productType = "com.apple.product-type.bundle.ui-testing";
		};
/* End PBXNativeTarget section */

/* Begin PBXProject section */
		46F923671FB9EB6000F4F618 /* Project object */ = {
			isa = PBXProject;
			attributes = {
				LastSwiftUpdateCheck = 0900;
				LastUpgradeCheck = 0900;
				ORGANIZATIONNAME = DeepHire;
				TargetAttributes = {
					46F9236E1FB9EB6000F4F618 = {
						CreatedOnToolsVersion = 9.0.1;
						ProvisioningStyle = Automatic;
					};
					46F923821FB9EB6000F4F618 = {
						CreatedOnToolsVersion = 9.0.1;
						ProvisioningStyle = Automatic;
						TestTargetID = 46F9236E1FB9EB6000F4F618;
					};
					46F9238D1FB9EB6000F4F618 = {
						CreatedOnToolsVersion = 9.0.1;
						ProvisioningStyle = Automatic;
						TestTargetID = 46F9236E1FB9EB6000F4F618;
					};
				};
			};
			buildConfigurationList = 46F9236A1FB9EB6000F4F618 /* Build configuration list for PBXProject "AsecFinal" */;
			compatibilityVersion = "Xcode 8.0";
			developmentRegion = en;
			hasScannedForEncodings = 0;
			knownRegions = (
				en,
				Base,
			);
			mainGroup = 46F923661FB9EB6000F4F618;
			productRefGroup = 46F923701FB9EB6000F4F618 /* Products */;
			projectDirPath = "";
			projectRoot = "";
			targets = (
				46F9236E1FB9EB6000F4F618 /* AsecFinal */,
				46F923821FB9EB6000F4F618 /* AsecFinalTests */,
				46F9238D1FB9EB6000F4F618 /* AsecFinalUITests */,
			);
		};
/* End PBXProject section */

/* Begin PBXResourcesBuildPhase section */
		46F9236D1FB9EB6000F4F618 /* Resources */ = {
			isa = PBXResourcesBuildPhase;
			buildActionMask = 2147483647;
			files = (
				C0D0CD3F208D1C2500AC3036 /* Cabin in Resources */,
				46F159872034A21C0018DCD9 /* Images.xcassets in Resources */,
				C0D0CD3D208D1BC100AC3036 /* Cabin-Regular.ttf in Resources */,
				46F9237D1FB9EB6000F4F618 /* LaunchScreen.storyboard in Resources */,
				46F923781FB9EB6000F4F618 /* Main.storyboard in Resources */,
			);
			runOnlyForDeploymentPostprocessing = 0;
		};
		46F923811FB9EB6000F4F618 /* Resources */ = {
			isa = PBXResourcesBuildPhase;
			buildActionMask = 2147483647;
			files = (
			);
			runOnlyForDeploymentPostprocessing = 0;
		};
		46F9238C1FB9EB6000F4F618 /* Resources */ = {
			isa = PBXResourcesBuildPhase;
			buildActionMask = 2147483647;
			files = (
			);
			runOnlyForDeploymentPostprocessing = 0;
		};
/* End PBXResourcesBuildPhase section */

/* Begin PBXShellScriptBuildPhase section */
		08B927C4D1FBC56340408FF7 /* [CP] Embed Pods Frameworks */ = {
			isa = PBXShellScriptBuildPhase;
			buildActionMask = 2147483647;
			files = (
			);
			inputPaths = (
			);
			name = "[CP] Embed Pods Frameworks";
			outputPaths = (
			);
			runOnlyForDeploymentPostprocessing = 0;
			shellPath = /bin/sh;
			shellScript = "\"${SRCROOT}/Pods/Target Support Files/Pods-AsecFinalUITests/Pods-AsecFinalUITests-frameworks.sh\"\n";
			showEnvVarsInLog = 0;
		};
		2E7E3BBB93E859D2F6DDC720 /* [CP] Check Pods Manifest.lock */ = {
			isa = PBXShellScriptBuildPhase;
			buildActionMask = 2147483647;
			files = (
			);
			inputPaths = (
				"${PODS_PODFILE_DIR_PATH}/Podfile.lock",
				"${PODS_ROOT}/Manifest.lock",
			);
			name = "[CP] Check Pods Manifest.lock";
			outputPaths = (
				"$(DERIVED_FILE_DIR)/Pods-AsecFinalUITests-checkManifestLockResult.txt",
			);
			runOnlyForDeploymentPostprocessing = 0;
			shellPath = /bin/sh;
			shellScript = "diff \"${PODS_PODFILE_DIR_PATH}/Podfile.lock\" \"${PODS_ROOT}/Manifest.lock\" > /dev/null\nif [ $? != 0 ] ; then\n    # print error to STDERR\n    echo \"error: The sandbox is not in sync with the Podfile.lock. Run 'pod install' or update your CocoaPods installation.\" >&2\n    exit 1\nfi\n# This output is used by Xcode 'outputs' to avoid re-running this script phase.\necho \"SUCCESS\" > \"${SCRIPT_OUTPUT_FILE_0}\"\n";
			showEnvVarsInLog = 0;
		};
		42EFDCCFFC8F2225CD764166 /* [CP] Embed Pods Frameworks */ = {
			isa = PBXShellScriptBuildPhase;
			buildActionMask = 2147483647;
			files = (
			);
			inputPaths = (
				"${SRCROOT}/Pods/Target Support Files/Pods-AsecFinal/Pods-AsecFinal-frameworks.sh",
				"${BUILT_PRODUCTS_DIR}/Alamofire/Alamofire.framework",
				"${BUILT_PRODUCTS_DIR}/Alamofire-Synchronous/Alamofire_Synchronous.framework",
				"${BUILT_PRODUCTS_DIR}/SwiftSpinner/SwiftSpinner.framework",
				"${BUILT_PRODUCTS_DIR}/SwiftyJSON/SwiftyJSON.framework",
			);
			name = "[CP] Embed Pods Frameworks";
			outputPaths = (
				"${TARGET_BUILD_DIR}/${FRAMEWORKS_FOLDER_PATH}/Alamofire.framework",
				"${TARGET_BUILD_DIR}/${FRAMEWORKS_FOLDER_PATH}/Alamofire_Synchronous.framework",
				"${TARGET_BUILD_DIR}/${FRAMEWORKS_FOLDER_PATH}/SwiftSpinner.framework",
				"${TARGET_BUILD_DIR}/${FRAMEWORKS_FOLDER_PATH}/SwiftyJSON.framework",
			);
			runOnlyForDeploymentPostprocessing = 0;
			shellPath = /bin/sh;
			shellScript = "\"${SRCROOT}/Pods/Target Support Files/Pods-AsecFinal/Pods-AsecFinal-frameworks.sh\"\n";
			showEnvVarsInLog = 0;
		};
		614AC533D4EC6483B5A6B3C9 /* [CP] Copy Pods Resources */ = {
			isa = PBXShellScriptBuildPhase;
			buildActionMask = 2147483647;
			files = (
			);
			inputPaths = (
			);
			name = "[CP] Copy Pods Resources";
			outputPaths = (
			);
			runOnlyForDeploymentPostprocessing = 0;
			shellPath = /bin/sh;
			shellScript = "\"${SRCROOT}/Pods/Target Support Files/Pods-AsecFinalTests/Pods-AsecFinalTests-resources.sh\"\n";
			showEnvVarsInLog = 0;
		};
		78FEFCC799EE48D55958E4FF /* [CP] Copy Pods Resources */ = {
			isa = PBXShellScriptBuildPhase;
			buildActionMask = 2147483647;
			files = (
			);
			inputPaths = (
			);
			name = "[CP] Copy Pods Resources";
			outputPaths = (
			);
			runOnlyForDeploymentPostprocessing = 0;
			shellPath = /bin/sh;
			shellScript = "\"${SRCROOT}/Pods/Target Support Files/Pods-AsecFinal/Pods-AsecFinal-resources.sh\"\n";
			showEnvVarsInLog = 0;
		};
		9CAE61EB8B8EF40D27D3EDF4 /* [CP] Check Pods Manifest.lock */ = {
			isa = PBXShellScriptBuildPhase;
			buildActionMask = 2147483647;
			files = (
			);
			inputPaths = (
				"${PODS_PODFILE_DIR_PATH}/Podfile.lock",
				"${PODS_ROOT}/Manifest.lock",
			);
			name = "[CP] Check Pods Manifest.lock";
			outputPaths = (
				"$(DERIVED_FILE_DIR)/Pods-AsecFinalTests-checkManifestLockResult.txt",
			);
			runOnlyForDeploymentPostprocessing = 0;
			shellPath = /bin/sh;
			shellScript = "diff \"${PODS_PODFILE_DIR_PATH}/Podfile.lock\" \"${PODS_ROOT}/Manifest.lock\" > /dev/null\nif [ $? != 0 ] ; then\n    # print error to STDERR\n    echo \"error: The sandbox is not in sync with the Podfile.lock. Run 'pod install' or update your CocoaPods installation.\" >&2\n    exit 1\nfi\n# This output is used by Xcode 'outputs' to avoid re-running this script phase.\necho \"SUCCESS\" > \"${SCRIPT_OUTPUT_FILE_0}\"\n";
			showEnvVarsInLog = 0;
		};
		D34070A17E4F253FE3CEDCB8 /* [CP] Embed Pods Frameworks */ = {
			isa = PBXShellScriptBuildPhase;
			buildActionMask = 2147483647;
			files = (
			);
			inputPaths = (
			);
			name = "[CP] Embed Pods Frameworks";
			outputPaths = (
			);
			runOnlyForDeploymentPostprocessing = 0;
			shellPath = /bin/sh;
			shellScript = "\"${SRCROOT}/Pods/Target Support Files/Pods-AsecFinalTests/Pods-AsecFinalTests-frameworks.sh\"\n";
			showEnvVarsInLog = 0;
		};
		D542D3D76D374E5D9397BF0E /* [CP] Check Pods Manifest.lock */ = {
			isa = PBXShellScriptBuildPhase;
			buildActionMask = 2147483647;
			files = (
			);
			inputPaths = (
				"${PODS_PODFILE_DIR_PATH}/Podfile.lock",
				"${PODS_ROOT}/Manifest.lock",
			);
			name = "[CP] Check Pods Manifest.lock";
			outputPaths = (
				"$(DERIVED_FILE_DIR)/Pods-AsecFinal-checkManifestLockResult.txt",
			);
			runOnlyForDeploymentPostprocessing = 0;
			shellPath = /bin/sh;
			shellScript = "diff \"${PODS_PODFILE_DIR_PATH}/Podfile.lock\" \"${PODS_ROOT}/Manifest.lock\" > /dev/null\nif [ $? != 0 ] ; then\n    # print error to STDERR\n    echo \"error: The sandbox is not in sync with the Podfile.lock. Run 'pod install' or update your CocoaPods installation.\" >&2\n    exit 1\nfi\n# This output is used by Xcode 'outputs' to avoid re-running this script phase.\necho \"SUCCESS\" > \"${SCRIPT_OUTPUT_FILE_0}\"\n";
			showEnvVarsInLog = 0;
		};
		E45B91E9C5AD3BFB2714F30E /* [CP] Copy Pods Resources */ = {
			isa = PBXShellScriptBuildPhase;
			buildActionMask = 2147483647;
			files = (
			);
			inputPaths = (
			);
			name = "[CP] Copy Pods Resources";
			outputPaths = (
			);
			runOnlyForDeploymentPostprocessing = 0;
			shellPath = /bin/sh;
			shellScript = "\"${SRCROOT}/Pods/Target Support Files/Pods-AsecFinalUITests/Pods-AsecFinalUITests-resources.sh\"\n";
			showEnvVarsInLog = 0;
		};
/* End PBXShellScriptBuildPhase section */

/* Begin PBXSourcesBuildPhase section */
		46F9236B1FB9EB6000F4F618 /* Sources */ = {
			isa = PBXSourcesBuildPhase;
			buildActionMask = 2147483647;
			files = (
				46F923751FB9EB6000F4F618 /* ViewController.swift in Sources */,
				46F923731FB9EB6000F4F618 /* AppDelegate.swift in Sources */,
				C03AE6C0208D55E000656248 /* EmersonsViewController.swift in Sources */,
				C0FDE62B208D67E500ACAE75 /* SettingsViewController.swift in Sources */,
				C0D0CD41208D3DEA00AC3036 /* HomeViewController.swift in Sources */,
			);
			runOnlyForDeploymentPostprocessing = 0;
		};
		46F9237F1FB9EB6000F4F618 /* Sources */ = {
			isa = PBXSourcesBuildPhase;
			buildActionMask = 2147483647;
			files = (
				46F923881FB9EB6000F4F618 /* AsecFinalTests.swift in Sources */,
			);
			runOnlyForDeploymentPostprocessing = 0;
		};
		46F9238A1FB9EB6000F4F618 /* Sources */ = {
			isa = PBXSourcesBuildPhase;
			buildActionMask = 2147483647;
			files = (
				46F923931FB9EB6000F4F618 /* AsecFinalUITests.swift in Sources */,
			);
			runOnlyForDeploymentPostprocessing = 0;
		};
/* End PBXSourcesBuildPhase section */

/* Begin PBXTargetDependency section */
		46F923851FB9EB6000F4F618 /* PBXTargetDependency */ = {
			isa = PBXTargetDependency;
			target = 46F9236E1FB9EB6000F4F618 /* AsecFinal */;
			targetProxy = 46F923841FB9EB6000F4F618 /* PBXContainerItemProxy */;
		};
		46F923901FB9EB6000F4F618 /* PBXTargetDependency */ = {
			isa = PBXTargetDependency;
			target = 46F9236E1FB9EB6000F4F618 /* AsecFinal */;
			targetProxy = 46F9238F1FB9EB6000F4F618 /* PBXContainerItemProxy */;
		};
/* End PBXTargetDependency section */

/* Begin PBXVariantGroup section */
		46F923761FB9EB6000F4F618 /* Main.storyboard */ = {
			isa = PBXVariantGroup;
			children = (
				46F923771FB9EB6000F4F618 /* Base */,
			);
			name = Main.storyboard;
			sourceTree = "<group>";
		};
		46F9237B1FB9EB6000F4F618 /* LaunchScreen.storyboard */ = {
			isa = PBXVariantGroup;
			children = (
				46F9237C1FB9EB6000F4F618 /* Base */,
			);
			name = LaunchScreen.storyboard;
			sourceTree = "<group>";
		};
/* End PBXVariantGroup section */

/* Begin XCBuildConfiguration section */
		46F923951FB9EB6000F4F618 /* Debug */ = {
			isa = XCBuildConfiguration;
			buildSettings = {
				ALWAYS_SEARCH_USER_PATHS = NO;
				CLANG_ANALYZER_NONNULL = YES;
				CLANG_ANALYZER_NUMBER_OBJECT_CONVERSION = YES_AGGRESSIVE;
				CLANG_CXX_LANGUAGE_STANDARD = "gnu++14";
				CLANG_CXX_LIBRARY = "libc++";
				CLANG_ENABLE_MODULES = YES;
				CLANG_ENABLE_OBJC_ARC = YES;
				CLANG_WARN_BLOCK_CAPTURE_AUTORELEASING = YES;
				CLANG_WARN_BOOL_CONVERSION = YES;
				CLANG_WARN_COMMA = YES;
				CLANG_WARN_CONSTANT_CONVERSION = YES;
				CLANG_WARN_DIRECT_OBJC_ISA_USAGE = YES_ERROR;
				CLANG_WARN_DOCUMENTATION_COMMENTS = YES;
				CLANG_WARN_EMPTY_BODY = YES;
				CLANG_WARN_ENUM_CONVERSION = YES;
				CLANG_WARN_INFINITE_RECURSION = YES;
				CLANG_WARN_INT_CONVERSION = YES;
				CLANG_WARN_NON_LITERAL_NULL_CONVERSION = YES;
				CLANG_WARN_OBJC_LITERAL_CONVERSION = YES;
				CLANG_WARN_OBJC_ROOT_CLASS = YES_ERROR;
				CLANG_WARN_RANGE_LOOP_ANALYSIS = YES;
				CLANG_WARN_STRICT_PROTOTYPES = YES;
				CLANG_WARN_SUSPICIOUS_MOVE = YES;
				CLANG_WARN_UNGUARDED_AVAILABILITY = YES_AGGRESSIVE;
				CLANG_WARN_UNREACHABLE_CODE = YES;
				CLANG_WARN__DUPLICATE_METHOD_MATCH = YES;
				CODE_SIGN_IDENTITY = "iPhone Developer";
				COPY_PHASE_STRIP = NO;
				DEBUG_INFORMATION_FORMAT = dwarf;
				ENABLE_STRICT_OBJC_MSGSEND = YES;
				ENABLE_TESTABILITY = YES;
				GCC_C_LANGUAGE_STANDARD = gnu11;
				GCC_DYNAMIC_NO_PIC = NO;
				GCC_NO_COMMON_BLOCKS = YES;
				GCC_OPTIMIZATION_LEVEL = 0;
				GCC_PREPROCESSOR_DEFINITIONS = (
					"DEBUG=1",
					"$(inherited)",
				);
				GCC_WARN_64_TO_32_BIT_CONVERSION = YES;
				GCC_WARN_ABOUT_RETURN_TYPE = YES_ERROR;
				GCC_WARN_UNDECLARED_SELECTOR = YES;
				GCC_WARN_UNINITIALIZED_AUTOS = YES_AGGRESSIVE;
				GCC_WARN_UNUSED_FUNCTION = YES;
				GCC_WARN_UNUSED_VARIABLE = YES;
				IPHONEOS_DEPLOYMENT_TARGET = 11.0;
				MTL_ENABLE_DEBUG_INFO = YES;
				ONLY_ACTIVE_ARCH = YES;
				SDKROOT = iphoneos;
				SWIFT_ACTIVE_COMPILATION_CONDITIONS = DEBUG;
				SWIFT_OPTIMIZATION_LEVEL = "-Onone";
			};
			name = Debug;
		};
		46F923961FB9EB6000F4F618 /* Release */ = {
			isa = XCBuildConfiguration;
			buildSettings = {
				ALWAYS_SEARCH_USER_PATHS = NO;
				CLANG_ANALYZER_NONNULL = YES;
				CLANG_ANALYZER_NUMBER_OBJECT_CONVERSION = YES_AGGRESSIVE;
				CLANG_CXX_LANGUAGE_STANDARD = "gnu++14";
				CLANG_CXX_LIBRARY = "libc++";
				CLANG_ENABLE_MODULES = YES;
				CLANG_ENABLE_OBJC_ARC = YES;
				CLANG_WARN_BLOCK_CAPTURE_AUTORELEASING = YES;
				CLANG_WARN_BOOL_CONVERSION = YES;
				CLANG_WARN_COMMA = YES;
				CLANG_WARN_CONSTANT_CONVERSION = YES;
				CLANG_WARN_DIRECT_OBJC_ISA_USAGE = YES_ERROR;
				CLANG_WARN_DOCUMENTATION_COMMENTS = YES;
				CLANG_WARN_EMPTY_BODY = YES;
				CLANG_WARN_ENUM_CONVERSION = YES;
				CLANG_WARN_INFINITE_RECURSION = YES;
				CLANG_WARN_INT_CONVERSION = YES;
				CLANG_WARN_NON_LITERAL_NULL_CONVERSION = YES;
				CLANG_WARN_OBJC_LITERAL_CONVERSION = YES;
				CLANG_WARN_OBJC_ROOT_CLASS = YES_ERROR;
				CLANG_WARN_RANGE_LOOP_ANALYSIS = YES;
				CLANG_WARN_STRICT_PROTOTYPES = YES;
				CLANG_WARN_SUSPICIOUS_MOVE = YES;
				CLANG_WARN_UNGUARDED_AVAILABILITY = YES_AGGRESSIVE;
				CLANG_WARN_UNREACHABLE_CODE = YES;
				CLANG_WARN__DUPLICATE_METHOD_MATCH = YES;
				CODE_SIGN_IDENTITY = "iPhone Developer";
				COPY_PHASE_STRIP = NO;
				DEBUG_INFORMATION_FORMAT = "dwarf-with-dsym";
				ENABLE_NS_ASSERTIONS = NO;
				ENABLE_STRICT_OBJC_MSGSEND = YES;
				GCC_C_LANGUAGE_STANDARD = gnu11;
				GCC_NO_COMMON_BLOCKS = YES;
				GCC_WARN_64_TO_32_BIT_CONVERSION = YES;
				GCC_WARN_ABOUT_RETURN_TYPE = YES_ERROR;
				GCC_WARN_UNDECLARED_SELECTOR = YES;
				GCC_WARN_UNINITIALIZED_AUTOS = YES_AGGRESSIVE;
				GCC_WARN_UNUSED_FUNCTION = YES;
				GCC_WARN_UNUSED_VARIABLE = YES;
				IPHONEOS_DEPLOYMENT_TARGET = 11.0;
				MTL_ENABLE_DEBUG_INFO = NO;
				SDKROOT = iphoneos;
				SWIFT_OPTIMIZATION_LEVEL = "-Owholemodule";
				VALIDATE_PRODUCT = YES;
			};
			name = Release;
		};
		46F923981FB9EB6000F4F618 /* Debug */ = {
			isa = XCBuildConfiguration;
			baseConfigurationReference = DA5A343A277AA416C07AF85B /* Pods-AsecFinal.debug.xcconfig */;
			buildSettings = {
				ASSETCATALOG_COMPILER_APPICON_NAME = "iOS AppIcon";
				CODE_SIGN_STYLE = Automatic;
				DEVELOPMENT_TEAM = 3888STB5WX;
				INFOPLIST_FILE = AsecFinal/Info.plist;
				LD_RUNPATH_SEARCH_PATHS = "$(inherited) @executable_path/Frameworks";
				PRODUCT_BUNDLE_IDENTIFIER = "https---deephire.io.AsecFinal";
				PRODUCT_NAME = "$(TARGET_NAME)";
				SWIFT_VERSION = 4.0;
				TARGETED_DEVICE_FAMILY = "1,2";
			};
			name = Debug;
		};
		46F923991FB9EB6000F4F618 /* Release */ = {
			isa = XCBuildConfiguration;
			baseConfigurationReference = 104F5CD40944691943CB2193 /* Pods-AsecFinal.release.xcconfig */;
			buildSettings = {
				ASSETCATALOG_COMPILER_APPICON_NAME = "iOS AppIcon";
				CODE_SIGN_STYLE = Automatic;
				DEVELOPMENT_TEAM = 3888STB5WX;
				INFOPLIST_FILE = AsecFinal/Info.plist;
				LD_RUNPATH_SEARCH_PATHS = "$(inherited) @executable_path/Frameworks";
				PRODUCT_BUNDLE_IDENTIFIER = "https---deephire.io.AsecFinal";
				PRODUCT_NAME = "$(TARGET_NAME)";
				SWIFT_VERSION = 4.0;
				TARGETED_DEVICE_FAMILY = "1,2";
			};
			name = Release;
		};
		46F9239B1FB9EB6000F4F618 /* Debug */ = {
			isa = XCBuildConfiguration;
			baseConfigurationReference = 0BF978DAAE59B5B8E8DDB6CE /* Pods-AsecFinalTests.debug.xcconfig */;
			buildSettings = {
				ALWAYS_EMBED_SWIFT_STANDARD_LIBRARIES = YES;
				BUNDLE_LOADER = "$(TEST_HOST)";
				CODE_SIGN_STYLE = Automatic;
				DEVELOPMENT_TEAM = 3888STB5WX;
				INFOPLIST_FILE = AsecFinalTests/Info.plist;
				LD_RUNPATH_SEARCH_PATHS = "$(inherited) @executable_path/Frameworks @loader_path/Frameworks";
				PRODUCT_BUNDLE_IDENTIFIER = "https---deephire.io.AsecFinalTests";
				PRODUCT_NAME = "$(TARGET_NAME)";
				SWIFT_VERSION = 4.0;
				TARGETED_DEVICE_FAMILY = "1,2";
				TEST_HOST = "$(BUILT_PRODUCTS_DIR)/AsecFinal.app/AsecFinal";
			};
			name = Debug;
		};
		46F9239C1FB9EB6000F4F618 /* Release */ = {
			isa = XCBuildConfiguration;
			baseConfigurationReference = 284F9FED6B4F66E7D4A3C1D8 /* Pods-AsecFinalTests.release.xcconfig */;
			buildSettings = {
				ALWAYS_EMBED_SWIFT_STANDARD_LIBRARIES = YES;
				BUNDLE_LOADER = "$(TEST_HOST)";
				CODE_SIGN_STYLE = Automatic;
				DEVELOPMENT_TEAM = 3888STB5WX;
				INFOPLIST_FILE = AsecFinalTests/Info.plist;
				LD_RUNPATH_SEARCH_PATHS = "$(inherited) @executable_path/Frameworks @loader_path/Frameworks";
				PRODUCT_BUNDLE_IDENTIFIER = "https---deephire.io.AsecFinalTests";
				PRODUCT_NAME = "$(TARGET_NAME)";
				SWIFT_VERSION = 4.0;
				TARGETED_DEVICE_FAMILY = "1,2";
				TEST_HOST = "$(BUILT_PRODUCTS_DIR)/AsecFinal.app/AsecFinal";
			};
			name = Release;
		};
		46F9239E1FB9EB6000F4F618 /* Debug */ = {
			isa = XCBuildConfiguration;
			baseConfigurationReference = D4DF406CEB30343F616BF027 /* Pods-AsecFinalUITests.debug.xcconfig */;
			buildSettings = {
				ALWAYS_EMBED_SWIFT_STANDARD_LIBRARIES = YES;
				CODE_SIGN_STYLE = Automatic;
				DEVELOPMENT_TEAM = 3888STB5WX;
				INFOPLIST_FILE = AsecFinalUITests/Info.plist;
				LD_RUNPATH_SEARCH_PATHS = "$(inherited) @executable_path/Frameworks @loader_path/Frameworks";
				PRODUCT_BUNDLE_IDENTIFIER = "https---deephire.io.AsecFinalUITests";
				PRODUCT_NAME = "$(TARGET_NAME)";
				SWIFT_VERSION = 4.0;
				TARGETED_DEVICE_FAMILY = "1,2";
				TEST_TARGET_NAME = AsecFinal;
			};
			name = Debug;
		};
		46F9239F1FB9EB6000F4F618 /* Release */ = {
			isa = XCBuildConfiguration;
			baseConfigurationReference = 973F1D7DDA17371A580B436C /* Pods-AsecFinalUITests.release.xcconfig */;
			buildSettings = {
				ALWAYS_EMBED_SWIFT_STANDARD_LIBRARIES = YES;
				CODE_SIGN_STYLE = Automatic;
				DEVELOPMENT_TEAM = 3888STB5WX;
				INFOPLIST_FILE = AsecFinalUITests/Info.plist;
				LD_RUNPATH_SEARCH_PATHS = "$(inherited) @executable_path/Frameworks @loader_path/Frameworks";
				PRODUCT_BUNDLE_IDENTIFIER = "https---deephire.io.AsecFinalUITests";
				PRODUCT_NAME = "$(TARGET_NAME)";
				SWIFT_VERSION = 4.0;
				TARGETED_DEVICE_FAMILY = "1,2";
				TEST_TARGET_NAME = AsecFinal;
			};
			name = Release;
		};
/* End XCBuildConfiguration section */

/* Begin XCConfigurationList section */
		46F9236A1FB9EB6000F4F618 /* Build configuration list for PBXProject "AsecFinal" */ = {
			isa = XCConfigurationList;
			buildConfigurations = (
				46F923951FB9EB6000F4F618 /* Debug */,
				46F923961FB9EB6000F4F618 /* Release */,
			);
			defaultConfigurationIsVisible = 0;
			defaultConfigurationName = Release;
		};
		46F923971FB9EB6000F4F618 /* Build configuration list for PBXNativeTarget "AsecFinal" */ = {
			isa = XCConfigurationList;
			buildConfigurations = (
				46F923981FB9EB6000F4F618 /* Debug */,
				46F923991FB9EB6000F4F618 /* Release */,
			);
			defaultConfigurationIsVisible = 0;
			defaultConfigurationName = Release;
		};
		46F9239A1FB9EB6000F4F618 /* Build configuration list for PBXNativeTarget "AsecFinalTests" */ = {
			isa = XCConfigurationList;
			buildConfigurations = (
				46F9239B1FB9EB6000F4F618 /* Debug */,
				46F9239C1FB9EB6000F4F618 /* Release */,
			);
			defaultConfigurationIsVisible = 0;
			defaultConfigurationName = Release;
		};
		46F9239D1FB9EB6000F4F618 /* Build configuration list for PBXNativeTarget "AsecFinalUITests" */ = {
			isa = XCConfigurationList;
			buildConfigurations = (
				46F9239E1FB9EB6000F4F618 /* Debug */,
				46F9239F1FB9EB6000F4F618 /* Release */,
			);
			defaultConfigurationIsVisible = 0;
			defaultConfigurationName = Release;
		};
/* End XCConfigurationList section */
	};
	rootObject = 46F923671FB9EB6000F4F618 /* Project object */;
}
